// !$*UTF8*$!
{
	archiveVersion = 1;
	classes = {
	};
	objectVersion = 77;
	objects = {

/* Begin PBXBuildFile section */
		12086D5768CAC833A03EB192 /* SourceEditorCommand.swift in Sources */ = {isa = PBXBuildFile; fileRef = A2A5F631992E466928491357 /* SourceEditorCommand.swift */; };
		400D56FD6C0803A397FE4413 /* SourceEditorExtension.swift in Sources */ = {isa = PBXBuildFile; fileRef = 311979637F2FE7ACF41E4CA6 /* SourceEditorExtension.swift */; };
		8BF0315CD807395E5AAD9449 /* MarkdownPreviewExtension.appex in Embed Foundation Extensions */ = {isa = PBXBuildFile; fileRef = D7CA819B7BBB42A0A54054D9 /* MarkdownPreviewExtension.appex */; settings = {ATTRIBUTES = (RemoveHeadersOnCopy, ); }; };
		A1BEBB0A9236A73571543EAF /* AppDelegate.swift in Sources */ = {isa = PBXBuildFile; fileRef = 513EB813CE6FFAC1E8127ADD /* AppDelegate.swift */; };
/* End PBXBuildFile section */

/* Begin PBXContainerItemProxy section */
		C3B5A05830531C4DDF764486 /* PBXContainerItemProxy */ = {
			isa = PBXContainerItemProxy;
			containerPortal = B55EE093A36A763C3395AE1A /* Project object */;
			proxyType = 1;
			remoteGlobalIDString = D182A3AD208F86FBE0B2C61C;
			remoteInfo = MarkdownPreviewExtension;
		};
/* End PBXContainerItemProxy section */

/* Begin PBXCopyFilesBuildPhase section */
		2FDFAE08CD3865C552E3F7A5 /* Embed Foundation Extensions */ = {
			isa = PBXCopyFilesBuildPhase;
			buildActionMask = 2147483647;
			dstPath = "";
			dstSubfolderSpec = 13;
			files = (
				8BF0315CD807395E5AAD9449 /* MarkdownPreviewExtension.appex in Embed Foundation Extensions */,
			);
			name = "Embed Foundation Extensions";
			runOnlyForDeploymentPostprocessing = 0;
		};
/* End PBXCopyFilesBuildPhase section */

/* Begin PBXFileReference section */
		12F8A14B26773FFCE5BC45D3 /* MarkdownPreviewApp.entitlements */ = {isa = PBXFileReference; lastKnownFileType = text.plist.entitlements; path = MarkdownPreviewApp.entitlements; sourceTree = "<group>"; };
		311979637F2FE7ACF41E4CA6 /* SourceEditorExtension.swift */ = {isa = PBXFileReference; lastKnownFileType = sourcecode.swift; path = SourceEditorExtension.swift; sourceTree = "<group>"; };
		488FAD14D5E26D11AD902932 /* MarkdownPreviewApp.app */ = {isa = PBXFileReference; explicitFileType = wrapper.application; includeInIndex = 0; path = MarkdownPreviewApp.app; sourceTree = BUILT_PRODUCTS_DIR; };
		48A11361903AB1A78EB34C63 /* MarkdownPreviewExtension.entitlements */ = {isa = PBXFileReference; lastKnownFileType = text.plist.entitlements; path = MarkdownPreviewExtension.entitlements; sourceTree = "<group>"; };
		4E5603D25C430E8BB7AE3896 /* Info.plist */ = {isa = PBXFileReference; lastKnownFileType = text.plist; path = Info.plist; sourceTree = "<group>"; };
		513EB813CE6FFAC1E8127ADD /* AppDelegate.swift */ = {isa = PBXFileReference; lastKnownFileType = sourcecode.swift; path = AppDelegate.swift; sourceTree = "<group>"; };
		7082982025A7A52DBD0FBA8A /* Info.plist */ = {isa = PBXFileReference; lastKnownFileType = text.plist; path = Info.plist; sourceTree = "<group>"; };
		A2A5F631992E466928491357 /* SourceEditorCommand.swift */ = {isa = PBXFileReference; lastKnownFileType = sourcecode.swift; path = SourceEditorCommand.swift; sourceTree = "<group>"; };
		D7CA819B7BBB42A0A54054D9 /* MarkdownPreviewExtension.appex */ = {isa = PBXFileReference; explicitFileType = "wrapper.app-extension"; includeInIndex = 0; path = MarkdownPreviewExtension.appex; sourceTree = BUILT_PRODUCTS_DIR; };
/* End PBXFileReference section */

/* Begin PBXGroup section */
		5EE347A7A8460E2A971671AF /* MarkdownPreviewExtension */ = {
			isa = PBXGroup;
			children = (
				4E5603D25C430E8BB7AE3896 /* Info.plist */,
				48A11361903AB1A78EB34C63 /* MarkdownPreviewExtension.entitlements */,
				A2A5F631992E466928491357 /* SourceEditorCommand.swift */,
				311979637F2FE7ACF41E4CA6 /* SourceEditorExtension.swift */,
			);
			path = MarkdownPreviewExtension;
			sourceTree = "<group>";
		};
		6588DC80A5B6A6E341F5FB93 /* Products */ = {
			isa = PBXGroup;
			children = (
				488FAD14D5E26D11AD902932 /* MarkdownPreviewApp.app */,
				D7CA819B7BBB42A0A54054D9 /* MarkdownPreviewExtension.appex */,
			);
			name = Products;
			sourceTree = "<group>";
		};
		BDDD21CB88812C094A6E284E /* MarkdownPreviewApp */ = {
			isa = PBXGroup;
			children = (
				513EB813CE6FFAC1E8127ADD /* AppDelegate.swift */,
				7082982025A7A52DBD0FBA8A /* Info.plist */,
				12F8A14B26773FFCE5BC45D3 /* MarkdownPreviewApp.entitlements */,
			);
			path = MarkdownPreviewApp;
			sourceTree = "<group>";
		};
		C0F59247730347C0D1E7382A = {
			isa = PBXGroup;
			children = (
				BDDD21CB88812C094A6E284E /* MarkdownPreviewApp */,
				5EE347A7A8460E2A971671AF /* MarkdownPreviewExtension */,
				6588DC80A5B6A6E341F5FB93 /* Products */,
			);
			sourceTree = "<group>";
		};
/* End PBXGroup section */

/* Begin PBXNativeTarget section */
		9CBE78E2B981ECB1DE599752 /* MarkdownPreviewApp */ = {
			isa = PBXNativeTarget;
			buildConfigurationList = F4771FDA95B821CCDDA20755 /* Build configuration list for PBXNativeTarget "MarkdownPreviewApp" */;
			buildPhases = (
				EC4496DD6F87FBC0EB4EACB8 /* Sources */,
				2FDFAE08CD3865C552E3F7A5 /* Embed Foundation Extensions */,
			);
			buildRules = (
			);
			dependencies = (
				57564FBE1ACEA41DB4D4B618 /* PBXTargetDependency */,
			);
			name = MarkdownPreviewApp;
			packageProductDependencies = (
			);
			productName = MarkdownPreviewApp;
			productReference = 488FAD14D5E26D11AD902932 /* MarkdownPreviewApp.app */;
			productType = "com.apple.product-type.application";
		};
		D182A3AD208F86FBE0B2C61C /* MarkdownPreviewExtension */ = {
			isa = PBXNativeTarget;
			buildConfigurationList = 90D7DBEEA6A591F4D432E25A /* Build configuration list for PBXNativeTarget "MarkdownPreviewExtension" */;
			buildPhases = (
				02ABB1FD76BE3F5ED0273F2A /* Sources */,
			);
			buildRules = (
			);
			dependencies = (
			);
			name = MarkdownPreviewExtension;
			packageProductDependencies = (
			);
			productName = MarkdownPreviewExtension;
			productReference = D7CA819B7BBB42A0A54054D9 /* MarkdownPreviewExtension.appex */;
			productType = "com.apple.product-type.app-extension";
		};
/* End PBXNativeTarget section */

/* Begin PBXProject section */
		B55EE093A36A763C3395AE1A /* Project object */ = {
			isa = PBXProject;
			attributes = {
				BuildIndependentTargetsInParallel = YES;
				LastUpgradeCheck = 1500;
				TargetAttributes = {
					9CBE78E2B981ECB1DE599752 = {
						DevelopmentTeam = "";
						ProvisioningStyle = Automatic;
					};
					D182A3AD208F86FBE0B2C61C = {
						DevelopmentTeam = "";
						ProvisioningStyle = Automatic;
					};
				};
			};
			buildConfigurationList = 4650FF34CF8B3C6D0C9FAACF /* Build configuration list for PBXProject "MarkdownPreview" */;
			compatibilityVersion = "Xcode 14.0";
			developmentRegion = en;
			hasScannedForEncodings = 0;
			knownRegions = (
				Base,
				en,
			);
			mainGroup = C0F59247730347C0D1E7382A;
			minimizedProjectReferenceProxies = 1;
			preferredProjectObjectVersion = 77;
			projectDirPath = "";
			projectRoot = "";
			targets = (
				9CBE78E2B981ECB1DE599752 /* MarkdownPreviewApp */,
				D182A3AD208F86FBE0B2C61C /* MarkdownPreviewExtension */,
			);
		};
/* End PBXProject section */

/* Begin PBXSourcesBuildPhase section */
		02ABB1FD76BE3F5ED0273F2A /* Sources */ = {
			isa = PBXSourcesBuildPhase;
			buildActionMask = 2147483647;
			files = (
				12086D5768CAC833A03EB192 /* SourceEditorCommand.swift in Sources */,
				400D56FD6C0803A397FE4413 /* SourceEditorExtension.swift in Sources */,
			);
			runOnlyForDeploymentPostprocessing = 0;
		};
		EC4496DD6F87FBC0EB4EACB8 /* Sources */ = {
			isa = PBXSourcesBuildPhase;
			buildActionMask = 2147483647;
			files = (
				A1BEBB0A9236A73571543EAF /* AppDelegate.swift in Sources */,
			);
			runOnlyForDeploymentPostprocessing = 0;
		};
/* End PBXSourcesBuildPhase section */

/* Begin PBXTargetDependency section */
		57564FBE1ACEA41DB4D4B618 /* PBXTargetDependency */ = {
			isa = PBXTargetDependency;
			target = D182A3AD208F86FBE0B2C61C /* MarkdownPreviewExtension */;
			targetProxy = C3B5A05830531C4DDF764486 /* PBXContainerItemProxy */;
		};
/* End PBXTargetDependency section */

/* Begin XCBuildConfiguration section */
		085319548E1256E7694B0FBB /* Debug */ = {
			isa = XCBuildConfiguration;
			buildSettings = {
				ALWAYS_SEARCH_USER_PATHS = NO;
				CLANG_ANALYZER_NONNULL = YES;
				CLANG_ANALYZER_NUMBER_OBJECT_CONVERSION = YES_AGGRESSIVE;
				CLANG_CXX_LANGUAGE_STANDARD = "gnu++14";
				CLANG_CXX_LIBRARY = "libc++";
				CLANG_ENABLE_MODULES = YES;
				CLANG_ENABLE_OBJC_ARC = YES;
				CLANG_ENABLE_OBJC_WEAK = YES;
				CLANG_WARN_BLOCK_CAPTURE_AUTORELEASING = YES;
				CLANG_WARN_BOOL_CONVERSION = YES;
				CLANG_WARN_COMMA = YES;
				CLANG_WARN_CONSTANT_CONVERSION = YES;
				CLANG_WARN_DEPRECATED_OBJC_IMPLEMENTATIONS = YES;
				CLANG_WARN_DIRECT_OBJC_ISA_USAGE = YES_ERROR;
				CLANG_WARN_DOCUMENTATION_COMMENTS = YES;
				CLANG_WARN_EMPTY_BODY = YES;
				CLANG_WARN_ENUM_CONVERSION = YES;
				CLANG_WARN_INFINITE_RECURSION = YES;
				CLANG_WARN_INT_CONVERSION = YES;
				CLANG_WARN_NON_LITERAL_NULL_CONVERSION = YES;
				CLANG_WARN_OBJC_IMPLICIT_RETAIN_SELF = YES;
				CLANG_WARN_OBJC_LITERAL_CONVERSION = YES;
				CLANG_WARN_OBJC_ROOT_CLASS = YES_ERROR;
				CLANG_WARN_QUOTED_INCLUDE_IN_FRAMEWORK_HEADER = YES;
				CLANG_WARN_RANGE_LOOP_ANALYSIS = YES;
				CLANG_WARN_STRICT_PROTOTYPES = YES;
				CLANG_WARN_SUSPICIOUS_MOVE = YES;
				CLANG_WARN_UNGUARDED_AVAILABILITY = YES_AGGRESSIVE;
				CLANG_WARN_UNREACHABLE_CODE = YES;
				CLANG_WARN__DUPLICATE_METHOD_MATCH = YES;
				COPY_PHASE_STRIP = NO;
				DEBUG_INFORMATION_FORMAT = dwarf;
				DEVELOPMENT_TEAM = "";
				ENABLE_STRICT_OBJC_MSGSEND = YES;
				ENABLE_TESTABILITY = YES;
				GCC_C_LANGUAGE_STANDARD = gnu11;
				GCC_DYNAMIC_NO_PIC = NO;
				GCC_NO_COMMON_BLOCKS = YES;
				GCC_OPTIMIZATION_LEVEL = 0;
				GCC_PREPROCESSOR_DEFINITIONS = (
					"$(inherited)",
					"DEBUG=1",
				);
				GCC_WARN_64_TO_32_BIT_CONVERSION = YES;
				GCC_WARN_ABOUT_RETURN_TYPE = YES_ERROR;
				GCC_WARN_UNDECLARED_SELECTOR = YES;
				GCC_WARN_UNINITIALIZED_AUTOS = YES_AGGRESSIVE;
				GCC_WARN_UNUSED_FUNCTION = YES;
				GCC_WARN_UNUSED_VARIABLE = YES;
				MACOSX_DEPLOYMENT_TARGET = 13.0;
				MTL_ENABLE_DEBUG_INFO = INCLUDE_SOURCE;
				MTL_FAST_MATH = YES;
				ONLY_ACTIVE_ARCH = YES;
				PRODUCT_NAME = "$(TARGET_NAME)";
				SDKROOT = macosx;
				SWIFT_ACTIVE_COMPILATION_CONDITIONS = DEBUG;
				SWIFT_OPTIMIZATION_LEVEL = "-Onone";
				SWIFT_VERSION = 5.9;
			};
			name = Debug;
		};
		4D2B1E663E0393789533F267 /* Debug */ = {
			isa = XCBuildConfiguration;
			buildSettings = {
				ASSETCATALOG_COMPILER_APPICON_NAME = AppIcon;
				CODE_SIGN_ENTITLEMENTS = MarkdownPreviewApp/MarkdownPreviewApp.entitlements;
				CODE_SIGN_STYLE = Automatic;
				COMBINE_HIDPI_IMAGES = YES;
				INFOPLIST_FILE = MarkdownPreviewApp/Info.plist;
				LD_RUNPATH_SEARCH_PATHS = (
					"$(inherited)",
					"@executable_path/../Frameworks",
				);
				PRODUCT_BUNDLE_IDENTIFIER = com.fanyu.MarkdownPreviewApp;
				SDKROOT = macosx;
			};
			name = Debug;
		};
		684F6EE13A635DEC27FBEE2D /* Release */ = {
			isa = XCBuildConfiguration;
			buildSettings = {
				ASSETCATALOG_COMPILER_APPICON_NAME = AppIcon;
				CODE_SIGN_ENTITLEMENTS = MarkdownPreviewApp/MarkdownPreviewApp.entitlements;
				CODE_SIGN_STYLE = Automatic;
				COMBINE_HIDPI_IMAGES = YES;
				INFOPLIST_FILE = MarkdownPreviewApp/Info.plist;
				LD_RUNPATH_SEARCH_PATHS = (
					"$(inherited)",
					"@executable_path/../Frameworks",
				);
				PRODUCT_BUNDLE_IDENTIFIER = com.fanyu.MarkdownPreviewApp;
				SDKROOT = macosx;
			};
			name = Release;
		};
		7DC4E7337989CEFB05FCF42E /* Release */ = {
			isa = XCBuildConfiguration;
			buildSettings = {
				ALWAYS_SEARCH_USER_PATHS = NO;
				CLANG_ANALYZER_NONNULL = YES;
				CLANG_ANALYZER_NUMBER_OBJECT_CONVERSION = YES_AGGRESSIVE;
				CLANG_CXX_LANGUAGE_STANDARD = "gnu++14";
				CLANG_CXX_LIBRARY = "libc++";
				CLANG_ENABLE_MODULES = YES;
				CLANG_ENABLE_OBJC_ARC = YES;
				CLANG_ENABLE_OBJC_WEAK = YES;
				CLANG_WARN_BLOCK_CAPTURE_AUTORELEASING = YES;
				CLANG_WARN_BOOL_CONVERSION = YES;
				CLANG_WARN_COMMA = YES;
				CLANG_WARN_CONSTANT_CONVERSION = YES;
				CLANG_WARN_DEPRECATED_OBJC_IMPLEMENTATIONS = YES;
				CLANG_WARN_DIRECT_OBJC_ISA_USAGE = YES_ERROR;
				CLANG_WARN_DOCUMENTATION_COMMENTS = YES;
				CLANG_WARN_EMPTY_BODY = YES;
				CLANG_WARN_ENUM_CONVERSION = YES;
				CLANG_WARN_INFINITE_RECURSION = YES;
				CLANG_WARN_INT_CONVERSION = YES;
				CLANG_WARN_NON_LITERAL_NULL_CONVERSION = YES;
				CLANG_WARN_OBJC_IMPLICIT_RETAIN_SELF = YES;
				CLANG_WARN_OBJC_LITERAL_CONVERSION = YES;
				CLANG_WARN_OBJC_ROOT_CLASS = YES_ERROR;
				CLANG_WARN_QUOTED_INCLUDE_IN_FRAMEWORK_HEADER = YES;
				CLANG_WARN_RANGE_LOOP_ANALYSIS = YES;
				CLANG_WARN_STRICT_PROTOTYPES = YES;
				CLANG_WARN_SUSPICIOUS_MOVE = YES;
				CLANG_WARN_UNGUARDED_AVAILABILITY = YES_AGGRESSIVE;
				CLANG_WARN_UNREACHABLE_CODE = YES;
				CLANG_WARN__DUPLICATE_METHOD_MATCH = YES;
				COPY_PHASE_STRIP = NO;
				DEBUG_INFORMATION_FORMAT = "dwarf-with-dsym";
				DEVELOPMENT_TEAM = "";
				ENABLE_NS_ASSERTIONS = NO;
				ENABLE_STRICT_OBJC_MSGSEND = YES;
				GCC_C_LANGUAGE_STANDARD = gnu11;
				GCC_NO_COMMON_BLOCKS = YES;
				GCC_WARN_64_TO_32_BIT_CONVERSION = YES;
				GCC_WARN_ABOUT_RETURN_TYPE = YES_ERROR;
				GCC_WARN_UNDECLARED_SELECTOR = YES;
				GCC_WARN_UNINITIALIZED_AUTOS = YES_AGGRESSIVE;
				GCC_WARN_UNUSED_FUNCTION = YES;
				GCC_WARN_UNUSED_VARIABLE = YES;
				MACOSX_DEPLOYMENT_TARGET = 13.0;
				MTL_ENABLE_DEBUG_INFO = NO;
				MTL_FAST_MATH = YES;
				PRODUCT_NAME = "$(TARGET_NAME)";
				SDKROOT = macosx;
				SWIFT_COMPILATION_MODE = wholemodule;
				SWIFT_OPTIMIZATION_LEVEL = "-O";
				SWIFT_VERSION = 5.9;
			};
			name = Release;
		};
		A95690A04422A39F44C18B36 /* Debug */ = {
			isa = XCBuildConfiguration;
			buildSettings = {
				CODE_SIGN_ENTITLEMENTS = MarkdownPreviewExtension/MarkdownPreviewExtension.entitlements;
				CODE_SIGN_STYLE = Automatic;
				COMBINE_HIDPI_IMAGES = YES;
				INFOPLIST_FILE = MarkdownPreviewExtension/Info.plist;
				LD_RUNPATH_SEARCH_PATHS = (
					"$(inherited)",
					"@executable_path/../Frameworks",
					"@executable_path/../../../../Frameworks",
				);
				PRODUCT_BUNDLE_IDENTIFIER = com.fanyu.MarkdownPreviewApp.MarkdownPreviewExtension;
				SDKROOT = macosx;
			};
			name = Debug;
		};
		C4142BC9963A89B26EC90405 /* Release */ = {
			isa = XCBuildConfiguration;
			buildSettings = {
				CODE_SIGN_ENTITLEMENTS = MarkdownPreviewExtension/MarkdownPreviewExtension.entitlements;
				CODE_SIGN_STYLE = Automatic;
				COMBINE_HIDPI_IMAGES = YES;
				INFOPLIST_FILE = MarkdownPreviewExtension/Info.plist;
				LD_RUNPATH_SEARCH_PATHS = (
					"$(inherited)",
					"@executable_path/../Frameworks",
					"@executable_path/../../../../Frameworks",
				);
				PRODUCT_BUNDLE_IDENTIFIER = com.fanyu.MarkdownPreviewApp.MarkdownPreviewExtension;
				SDKROOT = macosx;
			};
			name = Release;
		};
/* End XCBuildConfiguration section */

/* Begin XCConfigurationList section */
		4650FF34CF8B3C6D0C9FAACF /* Build configuration list for PBXProject "MarkdownPreview" */ = {
			isa = XCConfigurationList;
			buildConfigurations = (
				085319548E1256E7694B0FBB /* Debug */,
				7DC4E7337989CEFB05FCF42E /* Release */,
			);
			defaultConfigurationIsVisible = 0;
			defaultConfigurationName = Debug;
		};
		90D7DBEEA6A591F4D432E25A /* Build configuration list for PBXNativeTarget "MarkdownPreviewExtension" */ = {
			isa = XCConfigurationList;
			buildConfigurations = (
				A95690A04422A39F44C18B36 /* Debug */,
				C4142BC9963A89B26EC90405 /* Release */,
			);
			defaultConfigurationIsVisible = 0;
			defaultConfigurationName = Debug;
		};
		F4771FDA95B821CCDDA20755 /* Build configuration list for PBXNativeTarget "MarkdownPreviewApp" */ = {
			isa = XCConfigurationList;
			buildConfigurations = (
				4D2B1E663E0393789533F267 /* Debug */,
				684F6EE13A635DEC27FBEE2D /* Release */,
			);
			defaultConfigurationIsVisible = 0;
			defaultConfigurationName = Debug;
		};
/* End XCConfigurationList section */
	};
	rootObject = B55EE093A36A763C3395AE1A /* Project object */;
}
