// !$*UTF8*$!
{
	archiveVersion = 1;
	classes = {
	};
	objectVersion = 77;
	objects = {

/* Begin PBXBuildFile section */
		12086D5768CAC833A03EB192 /* SourceEditorCommand.swift in Sources */ = {isa = PBXBuildFile; fileRef = A2A5F631992E466928491357 /* SourceEditorCommand.swift */; };
		17BD96E93467A9FAB02CB2DC /* PreviewPanel.swift in Sources */ = {isa = PBXBuildFile; fileRef = E619737BA0D7DEC46B64C813 /* PreviewPanel.swift */; };
		238365C507A17C41D2EA4232 /* FileMonitor.swift in Sources */ = {isa = PBXBuildFile; fileRef = A257A0A1A550BDDC1A96F866 /* FileMonitor.swift */; };
		39CEC6FA8992B0B588DEC8B5 /* Renderer.swift in Sources */ = {isa = PBXBuildFile; fileRef = 8EDE5F696701E0CA4F4C1687 /* Renderer.swift */; };
		3D252596BA203B13FDF49215 /* XcodeWatcher.swift in Sources */ = {isa = PBXBuildFile; fileRef = 8F00DC2BBD8E685CD3DD34B3 /* XcodeWatcher.swift */; };
		400D56FD6C0803A397FE4413 /* SourceEditorExtension.swift in Sources */ = {isa = PBXBuildFile; fileRef = 311979637F2FE7ACF41E4CA6 /* SourceEditorExtension.swift */; };
		570F69E1249A85B381244D03 /* MarkdownWebView.swift in Sources */ = {isa = PBXBuildFile; fileRef = EC4FF0ACCF272EB3BC812E36 /* MarkdownWebView.swift */; };
		57C8F8E402000E3E1C6E606C /* AppIcon.icns in Resources */ = {isa = PBXBuildFile; fileRef = 0F52115BD4F62ED5C74D7305 /* AppIcon.icns */; };
		680C935AEF1E3D6755680E59 /* highlight.min.js in Resources */ = {isa = PBXBuildFile; fileRef = 9179A2785EE21C9051FF024D /* highlight.min.js */; };
		6989F4C468B29AE2498B9AAF /* mermaid.min.js in Resources */ = {isa = PBXBuildFile; fileRef = 0352936C30EF924037DDF385 /* mermaid.min.js */; };
		69D4291F78C6CAD30EF628B7 /* marked.min.js in Resources */ = {isa = PBXBuildFile; fileRef = 09EA46F928B8B7DBE9D2E760 /* marked.min.js */; };
		8BF0315CD807395E5AAD9449 /* MarkdownPreviewExtension.appex in Embed Foundation Extensions */ = {isa = PBXBuildFile; fileRef = D7CA819B7BBB42A0A54054D9 /* MarkdownPreviewExtension.appex */; settings = {ATTRIBUTES = (RemoveHeadersOnCopy, ); }; };
		A1BEBB0A9236A73571543EAF /* AppDelegate.swift in Sources */ = {isa = PBXBuildFile; fileRef = 513EB813CE6FFAC1E8127ADD /* AppDelegate.swift */; };
		D645E20E98C11E8AEF97B363 /* highlight-light.min.css in Resources */ = {isa = PBXBuildFile; fileRef = FD5A17551FA0BF8C695CFB9C /* highlight-light.min.css */; };
		E00B92E69ED334CBF57AED7F /* MarkdownDocument.swift in Sources */ = {isa = PBXBuildFile; fileRef = F3E45C6B3B57B925C28E85D7 /* MarkdownDocument.swift */; };
		EAFCEBDA0CAB5501D58927AE /* highlight-dark.min.css in Resources */ = {isa = PBXBuildFile; fileRef = D0C25E093A0E2AD935D6FD1E /* highlight-dark.min.css */; };
		EC0B46C788CC3356C34F20F0 /* preview.html in Resources */ = {isa = PBXBuildFile; fileRef = 139FF6DFD7729A0D9A051216 /* preview.html */; };
		F403E09121425C2E9765C09A /* App.swift in Sources */ = {isa = PBXBuildFile; fileRef = 4583D4144283E55720BD4A0A /* App.swift */; };
		FD0452EA95DE55AE36B18F59 /* ReaderView.swift in Sources */ = {isa = PBXBuildFile; fileRef = 82AA034CE8FF0D06B4C7F81E /* ReaderView.swift */; };
/* End PBXBuildFile section */

/* Begin PBXContainerItemProxy section */
		C3B5A05830531C4DDF764486 /* PBXContainerItemProxy */ = {
			isa = PBXContainerItemProxy;
			containerPortal = B55EE093A36A763C3395AE1A /* Project object */;
			proxyType = 1;
			remoteGlobalIDString = D182A3AD208F86FBE0B2C61C;
			remoteInfo = MarkdownPreviewExtension;
		};
/* End PBXContainerItemProxy section */

/* Begin PBXCopyFilesBuildPhase section */
		2FDFAE08CD3865C552E3F7A5 /* Embed Foundation Extensions */ = {
			isa = PBXCopyFilesBuildPhase;
			buildActionMask = 2147483647;
			dstPath = "";
			dstSubfolderSpec = 13;
			files = (
				8BF0315CD807395E5AAD9449 /* MarkdownPreviewExtension.appex in Embed Foundation Extensions */,
			);
			name = "Embed Foundation Extensions";
			runOnlyForDeploymentPostprocessing = 0;
		};
/* End PBXCopyFilesBuildPhase section */

/* Begin PBXFileReference section */
		0352936C30EF924037DDF385 /* mermaid.min.js */ = {isa = PBXFileReference; lastKnownFileType = sourcecode.javascript; path = mermaid.min.js; sourceTree = "<group>"; };
		09EA46F928B8B7DBE9D2E760 /* marked.min.js */ = {isa = PBXFileReference; lastKnownFileType = sourcecode.javascript; path = marked.min.js; sourceTree = "<group>"; };
		0F52115BD4F62ED5C74D7305 /* AppIcon.icns */ = {isa = PBXFileReference; lastKnownFileType = image.icns; path = AppIcon.icns; sourceTree = "<group>"; };
		12F8A14B26773FFCE5BC45D3 /* MarkdownPreviewApp.entitlements */ = {isa = PBXFileReference; lastKnownFileType = text.plist.entitlements; path = MarkdownPreviewApp.entitlements; sourceTree = "<group>"; };
		139FF6DFD7729A0D9A051216 /* preview.html */ = {isa = PBXFileReference; lastKnownFileType = text.html; path = preview.html; sourceTree = "<group>"; };
		311979637F2FE7ACF41E4CA6 /* SourceEditorExtension.swift */ = {isa = PBXFileReference; lastKnownFileType = sourcecode.swift; path = SourceEditorExtension.swift; sourceTree = "<group>"; };
		4583D4144283E55720BD4A0A /* App.swift */ = {isa = PBXFileReference; lastKnownFileType = sourcecode.swift; path = App.swift; sourceTree = "<group>"; };
		488FAD14D5E26D11AD902932 /* MarkdownPreviewApp.app */ = {isa = PBXFileReference; explicitFileType = wrapper.application; includeInIndex = 0; path = MarkdownPreviewApp.app; sourceTree = BUILT_PRODUCTS_DIR; };
		48A11361903AB1A78EB34C63 /* MarkdownPreviewExtension.entitlements */ = {isa = PBXFileReference; lastKnownFileType = text.plist.entitlements; path = MarkdownPreviewExtension.entitlements; sourceTree = "<group>"; };
		4E5603D25C430E8BB7AE3896 /* Info.plist */ = {isa = PBXFileReference; lastKnownFileType = text.plist; path = Info.plist; sourceTree = "<group>"; };
		513EB813CE6FFAC1E8127ADD /* AppDelegate.swift */ = {isa = PBXFileReference; lastKnownFileType = sourcecode.swift; path = AppDelegate.swift; sourceTree = "<group>"; };
		7082982025A7A52DBD0FBA8A /* Info.plist */ = {isa = PBXFileReference; lastKnownFileType = text.plist; path = Info.plist; sourceTree = "<group>"; };
		82AA034CE8FF0D06B4C7F81E /* ReaderView.swift */ = {isa = PBXFileReference; lastKnownFileType = sourcecode.swift; path = ReaderView.swift; sourceTree = "<group>"; };
		8EDE5F696701E0CA4F4C1687 /* Renderer.swift */ = {isa = PBXFileReference; lastKnownFileType = sourcecode.swift; path = Renderer.swift; sourceTree = "<group>"; };
		8F00DC2BBD8E685CD3DD34B3 /* XcodeWatcher.swift */ = {isa = PBXFileReference; lastKnownFileType = sourcecode.swift; path = XcodeWatcher.swift; sourceTree = "<group>"; };
		9179A2785EE21C9051FF024D /* highlight.min.js */ = {isa = PBXFileReference; lastKnownFileType = sourcecode.javascript; path = highlight.min.js; sourceTree = "<group>"; };
		A257A0A1A550BDDC1A96F866 /* FileMonitor.swift */ = {isa = PBXFileReference; lastKnownFileType = sourcecode.swift; path = FileMonitor.swift; sourceTree = "<group>"; };
		A2A5F631992E466928491357 /* SourceEditorCommand.swift */ = {isa = PBXFileReference; lastKnownFileType = sourcecode.swift; path = SourceEditorCommand.swift; sourceTree = "<group>"; };
		D0C25E093A0E2AD935D6FD1E /* highlight-dark.min.css */ = {isa = PBXFileReference; lastKnownFileType = text.css; path = "highlight-dark.min.css"; sourceTree = "<group>"; };
		D7CA819B7BBB42A0A54054D9 /* MarkdownPreviewExtension.appex */ = {isa = PBXFileReference; explicitFileType = "wrapper.app-extension"; includeInIndex = 0; path = MarkdownPreviewExtension.appex; sourceTree = BUILT_PRODUCTS_DIR; };
		E619737BA0D7DEC46B64C813 /* PreviewPanel.swift */ = {isa = PBXFileReference; lastKnownFileType = sourcecode.swift; path = PreviewPanel.swift; sourceTree = "<group>"; };
		EC4FF0ACCF272EB3BC812E36 /* MarkdownWebView.swift */ = {isa = PBXFileReference; lastKnownFileType = sourcecode.swift; path = MarkdownWebView.swift; sourceTree = "<group>"; };
		F3E45C6B3B57B925C28E85D7 /* MarkdownDocument.swift */ = {isa = PBXFileReference; lastKnownFileType = sourcecode.swift; path = MarkdownDocument.swift; sourceTree = "<group>"; };
		FD5A17551FA0BF8C695CFB9C /* highlight-light.min.css */ = {isa = PBXFileReference; lastKnownFileType = text.css; path = "highlight-light.min.css"; sourceTree = "<group>"; };
/* End PBXFileReference section */

/* Begin PBXGroup section */
		5EE347A7A8460E2A971671AF /* MarkdownPreviewExtension */ = {
			isa = PBXGroup;
			children = (
				4E5603D25C430E8BB7AE3896 /* Info.plist */,
				48A11361903AB1A78EB34C63 /* MarkdownPreviewExtension.entitlements */,
				A2A5F631992E466928491357 /* SourceEditorCommand.swift */,
				311979637F2FE7ACF41E4CA6 /* SourceEditorExtension.swift */,
			);
			path = MarkdownPreviewExtension;
			sourceTree = "<group>";
		};
		6588DC80A5B6A6E341F5FB93 /* Products */ = {
			isa = PBXGroup;
			children = (
				488FAD14D5E26D11AD902932 /* MarkdownPreviewApp.app */,
				D7CA819B7BBB42A0A54054D9 /* MarkdownPreviewExtension.appex */,
			);
			name = Products;
			sourceTree = "<group>";
		};
		A0DC17B22CD1E1373D0DCDDF /* Resources */ = {
			isa = PBXGroup;
			children = (
				0F52115BD4F62ED5C74D7305 /* AppIcon.icns */,
				D0C25E093A0E2AD935D6FD1E /* highlight-dark.min.css */,
				FD5A17551FA0BF8C695CFB9C /* highlight-light.min.css */,
				9179A2785EE21C9051FF024D /* highlight.min.js */,
				09EA46F928B8B7DBE9D2E760 /* marked.min.js */,
				0352936C30EF924037DDF385 /* mermaid.min.js */,
				139FF6DFD7729A0D9A051216 /* preview.html */,
			);
			path = Resources;
			sourceTree = "<group>";
		};
		BDDD21CB88812C094A6E284E /* MarkdownPreviewApp */ = {
			isa = PBXGroup;
			children = (
				4583D4144283E55720BD4A0A /* App.swift */,
				513EB813CE6FFAC1E8127ADD /* AppDelegate.swift */,
				A257A0A1A550BDDC1A96F866 /* FileMonitor.swift */,
				7082982025A7A52DBD0FBA8A /* Info.plist */,
				F3E45C6B3B57B925C28E85D7 /* MarkdownDocument.swift */,
				12F8A14B26773FFCE5BC45D3 /* MarkdownPreviewApp.entitlements */,
				EC4FF0ACCF272EB3BC812E36 /* MarkdownWebView.swift */,
				E619737BA0D7DEC46B64C813 /* PreviewPanel.swift */,
				82AA034CE8FF0D06B4C7F81E /* ReaderView.swift */,
				8EDE5F696701E0CA4F4C1687 /* Renderer.swift */,
				8F00DC2BBD8E685CD3DD34B3 /* XcodeWatcher.swift */,
				A0DC17B22CD1E1373D0DCDDF /* Resources */,
			);
			path = MarkdownPreviewApp;
			sourceTree = "<group>";
		};
		C0F59247730347C0D1E7382A = {
			isa = PBXGroup;
			children = (
				BDDD21CB88812C094A6E284E /* MarkdownPreviewApp */,
				5EE347A7A8460E2A971671AF /* MarkdownPreviewExtension */,
				6588DC80A5B6A6E341F5FB93 /* Products */,
			);
			sourceTree = "<group>";
		};
/* End PBXGroup section */

/* Begin PBXNativeTarget section */
		9CBE78E2B981ECB1DE599752 /* MarkdownPreviewApp */ = {
			isa = PBXNativeTarget;
			buildConfigurationList = F4771FDA95B821CCDDA20755 /* Build configuration list for PBXNativeTarget "MarkdownPreviewApp" */;
			buildPhases = (
				EC4496DD6F87FBC0EB4EACB8 /* Sources */,
				72422815EEBD7EAB683DE4D8 /* Resources */,
				2FDFAE08CD3865C552E3F7A5 /* Embed Foundation Extensions */,
			);
			buildRules = (
			);
			dependencies = (
				57564FBE1ACEA41DB4D4B618 /* PBXTargetDependency */,
			);
			name = MarkdownPreviewApp;
			packageProductDependencies = (
			);
			productName = MarkdownPreviewApp;
			productReference = 488FAD14D5E26D11AD902932 /* MarkdownPreviewApp.app */;
			productType = "com.apple.product-type.application";
		};
		D182A3AD208F86FBE0B2C61C /* MarkdownPreviewExtension */ = {
			isa = PBXNativeTarget;
			buildConfigurationList = 90D7DBEEA6A591F4D432E25A /* Build configuration list for PBXNativeTarget "MarkdownPreviewExtension" */;
			buildPhases = (
				02ABB1FD76BE3F5ED0273F2A /* Sources */,
			);
			buildRules = (
			);
			dependencies = (
			);
			name = MarkdownPreviewExtension;
			packageProductDependencies = (
			);
			productName = MarkdownPreviewExtension;
			productReference = D7CA819B7BBB42A0A54054D9 /* MarkdownPreviewExtension.appex */;
			productType = "com.apple.product-type.app-extension";
		};
/* End PBXNativeTarget section */

/* Begin PBXProject section */
		B55EE093A36A763C3395AE1A /* Project object */ = {
			isa = PBXProject;
			attributes = {
				BuildIndependentTargetsInParallel = YES;
				LastUpgradeCheck = 1500;
				TargetAttributes = {
					9CBE78E2B981ECB1DE599752 = {
						DevelopmentTeam = K52WP93HZU;
						ProvisioningStyle = Automatic;
					};
					D182A3AD208F86FBE0B2C61C = {
						DevelopmentTeam = K52WP93HZU;
						ProvisioningStyle = Automatic;
					};
				};
			};
			buildConfigurationList = 4650FF34CF8B3C6D0C9FAACF /* Build configuration list for PBXProject "MarkdownPreview" */;
			compatibilityVersion = "Xcode 14.0";
			developmentRegion = en;
			hasScannedForEncodings = 0;
			knownRegions = (
				Base,
				en,
			);
			mainGroup = C0F59247730347C0D1E7382A;
			minimizedProjectReferenceProxies = 1;
			preferredProjectObjectVersion = 77;
			projectDirPath = "";
			projectRoot = "";
			targets = (
				9CBE78E2B981ECB1DE599752 /* MarkdownPreviewApp */,
				D182A3AD208F86FBE0B2C61C /* MarkdownPreviewExtension */,
			);
		};
/* End PBXProject section */

/* Begin PBXResourcesBuildPhase section */
		72422815EEBD7EAB683DE4D8 /* Resources */ = {
			isa = PBXResourcesBuildPhase;
			buildActionMask = 2147483647;
			files = (
				57C8F8E402000E3E1C6E606C /* AppIcon.icns in Resources */,
				EAFCEBDA0CAB5501D58927AE /* highlight-dark.min.css in Resources */,
				D645E20E98C11E8AEF97B363 /* highlight-light.min.css in Resources */,
				680C935AEF1E3D6755680E59 /* highlight.min.js in Resources */,
				69D4291F78C6CAD30EF628B7 /* marked.min.js in Resources */,
				6989F4C468B29AE2498B9AAF /* mermaid.min.js in Resources */,
				EC0B46C788CC3356C34F20F0 /* preview.html in Resources */,
			);
			runOnlyForDeploymentPostprocessing = 0;
		};
/* End PBXResourcesBuildPhase section */

/* Begin PBXSourcesBuildPhase section */
		02ABB1FD76BE3F5ED0273F2A /* Sources */ = {
			isa = PBXSourcesBuildPhase;
			buildActionMask = 2147483647;
			files = (
				12086D5768CAC833A03EB192 /* SourceEditorCommand.swift in Sources */,
				400D56FD6C0803A397FE4413 /* SourceEditorExtension.swift in Sources */,
			);
			runOnlyForDeploymentPostprocessing = 0;
		};
		EC4496DD6F87FBC0EB4EACB8 /* Sources */ = {
			isa = PBXSourcesBuildPhase;
			buildActionMask = 2147483647;
			files = (
				F403E09121425C2E9765C09A /* App.swift in Sources */,
				A1BEBB0A9236A73571543EAF /* AppDelegate.swift in Sources */,
				238365C507A17C41D2EA4232 /* FileMonitor.swift in Sources */,
				E00B92E69ED334CBF57AED7F /* MarkdownDocument.swift in Sources */,
				570F69E1249A85B381244D03 /* MarkdownWebView.swift in Sources */,
				17BD96E93467A9FAB02CB2DC /* PreviewPanel.swift in Sources */,
				FD0452EA95DE55AE36B18F59 /* ReaderView.swift in Sources */,
				39CEC6FA8992B0B588DEC8B5 /* Renderer.swift in Sources */,
				3D252596BA203B13FDF49215 /* XcodeWatcher.swift in Sources */,
			);
			runOnlyForDeploymentPostprocessing = 0;
		};
/* End PBXSourcesBuildPhase section */

/* Begin PBXTargetDependency section */
		57564FBE1ACEA41DB4D4B618 /* PBXTargetDependency */ = {
			isa = PBXTargetDependency;
			target = D182A3AD208F86FBE0B2C61C /* MarkdownPreviewExtension */;
			targetProxy = C3B5A05830531C4DDF764486 /* PBXContainerItemProxy */;
		};
/* End PBXTargetDependency section */

/* Begin XCBuildConfiguration section */
		085319548E1256E7694B0FBB /* Debug */ = {
			isa = XCBuildConfiguration;
			buildSettings = {
				ALWAYS_SEARCH_USER_PATHS = NO;
				CLANG_ANALYZER_NONNULL = YES;
				CLANG_ANALYZER_NUMBER_OBJECT_CONVERSION = YES_AGGRESSIVE;
				CLANG_CXX_LANGUAGE_STANDARD = "gnu++14";
				CLANG_CXX_LIBRARY = "libc++";
				CLANG_ENABLE_MODULES = YES;
				CLANG_ENABLE_OBJC_ARC = YES;
				CLANG_ENABLE_OBJC_WEAK = YES;
				CLANG_WARN_BLOCK_CAPTURE_AUTORELEASING = YES;
				CLANG_WARN_BOOL_CONVERSION = YES;
				CLANG_WARN_COMMA = YES;
				CLANG_WARN_CONSTANT_CONVERSION = YES;
				CLANG_WARN_DEPRECATED_OBJC_IMPLEMENTATIONS = YES;
				CLANG_WARN_DIRECT_OBJC_ISA_USAGE = YES_ERROR;
				CLANG_WARN_DOCUMENTATION_COMMENTS = YES;
				CLANG_WARN_EMPTY_BODY = YES;
				CLANG_WARN_ENUM_CONVERSION = YES;
				CLANG_WARN_INFINITE_RECURSION = YES;
				CLANG_WARN_INT_CONVERSION = YES;
				CLANG_WARN_NON_LITERAL_NULL_CONVERSION = YES;
				CLANG_WARN_OBJC_IMPLICIT_RETAIN_SELF = YES;
				CLANG_WARN_OBJC_LITERAL_CONVERSION = YES;
				CLANG_WARN_OBJC_ROOT_CLASS = YES_ERROR;
				CLANG_WARN_QUOTED_INCLUDE_IN_FRAMEWORK_HEADER = YES;
				CLANG_WARN_RANGE_LOOP_ANALYSIS = YES;
				CLANG_WARN_STRICT_PROTOTYPES = YES;
				CLANG_WARN_SUSPICIOUS_MOVE = YES;
				CLANG_WARN_UNGUARDED_AVAILABILITY = YES_AGGRESSIVE;
				CLANG_WARN_UNREACHABLE_CODE = YES;
				CLANG_WARN__DUPLICATE_METHOD_MATCH = YES;
				COPY_PHASE_STRIP = NO;
				DEBUG_INFORMATION_FORMAT = dwarf;
				DEVELOPMENT_TEAM = K52WP93HZU;
				ENABLE_STRICT_OBJC_MSGSEND = YES;
				ENABLE_TESTABILITY = YES;
				GCC_C_LANGUAGE_STANDARD = gnu11;
				GCC_DYNAMIC_NO_PIC = NO;
				GCC_NO_COMMON_BLOCKS = YES;
				GCC_OPTIMIZATION_LEVEL = 0;
				GCC_PREPROCESSOR_DEFINITIONS = (
					"$(inherited)",
					"DEBUG=1",
				);
				GCC_WARN_64_TO_32_BIT_CONVERSION = YES;
				GCC_WARN_ABOUT_RETURN_TYPE = YES_ERROR;
				GCC_WARN_UNDECLARED_SELECTOR = YES;
				GCC_WARN_UNINITIALIZED_AUTOS = YES_AGGRESSIVE;
				GCC_WARN_UNUSED_FUNCTION = YES;
				GCC_WARN_UNUSED_VARIABLE = YES;
				MACOSX_DEPLOYMENT_TARGET = 13.0;
				MTL_ENABLE_DEBUG_INFO = INCLUDE_SOURCE;
				MTL_FAST_MATH = YES;
				ONLY_ACTIVE_ARCH = YES;
				PRODUCT_NAME = "$(TARGET_NAME)";
				SDKROOT = macosx;
				SWIFT_ACTIVE_COMPILATION_CONDITIONS = DEBUG;
				SWIFT_OPTIMIZATION_LEVEL = "-Onone";
				SWIFT_VERSION = 5.9;
			};
			name = Debug;
		};
		4D2B1E663E0393789533F267 /* Debug */ = {
			isa = XCBuildConfiguration;
			buildSettings = {
				ASSETCATALOG_COMPILER_APPICON_NAME = AppIcon;
				CODE_SIGN_ENTITLEMENTS = MarkdownPreviewApp/MarkdownPreviewApp.entitlements;
				CODE_SIGN_STYLE = Automatic;
				COMBINE_HIDPI_IMAGES = YES;
				INFOPLIST_FILE = MarkdownPreviewApp/Info.plist;
				LD_RUNPATH_SEARCH_PATHS = (
					"$(inherited)",
					"@executable_path/../Frameworks",
				);
				PRODUCT_BUNDLE_IDENTIFIER = com.fanyu.MarkdownPreviewApp;
				SDKROOT = macosx;
			};
			name = Debug;
		};
		684F6EE13A635DEC27FBEE2D /* Release */ = {
			isa = XCBuildConfiguration;
			buildSettings = {
				ASSETCATALOG_COMPILER_APPICON_NAME = AppIcon;
				CODE_SIGN_ENTITLEMENTS = MarkdownPreviewApp/MarkdownPreviewApp.entitlements;
				CODE_SIGN_STYLE = Automatic;
				COMBINE_HIDPI_IMAGES = YES;
				INFOPLIST_FILE = MarkdownPreviewApp/Info.plist;
				LD_RUNPATH_SEARCH_PATHS = (
					"$(inherited)",
					"@executable_path/../Frameworks",
				);
				PRODUCT_BUNDLE_IDENTIFIER = com.fanyu.MarkdownPreviewApp;
				SDKROOT = macosx;
			};
			name = Release;
		};
		7DC4E7337989CEFB05FCF42E /* Release */ = {
			isa = XCBuildConfiguration;
			buildSettings = {
				ALWAYS_SEARCH_USER_PATHS = NO;
				CLANG_ANALYZER_NONNULL = YES;
				CLANG_ANALYZER_NUMBER_OBJECT_CONVERSION = YES_AGGRESSIVE;
				CLANG_CXX_LANGUAGE_STANDARD = "gnu++14";
				CLANG_CXX_LIBRARY = "libc++";
				CLANG_ENABLE_MODULES = YES;
				CLANG_ENABLE_OBJC_ARC = YES;
				CLANG_ENABLE_OBJC_WEAK = YES;
				CLANG_WARN_BLOCK_CAPTURE_AUTORELEASING = YES;
				CLANG_WARN_BOOL_CONVERSION = YES;
				CLANG_WARN_COMMA = YES;
				CLANG_WARN_CONSTANT_CONVERSION = YES;
				CLANG_WARN_DEPRECATED_OBJC_IMPLEMENTATIONS = YES;
				CLANG_WARN_DIRECT_OBJC_ISA_USAGE = YES_ERROR;
				CLANG_WARN_DOCUMENTATION_COMMENTS = YES;
				CLANG_WARN_EMPTY_BODY = YES;
				CLANG_WARN_ENUM_CONVERSION = YES;
				CLANG_WARN_INFINITE_RECURSION = YES;
				CLANG_WARN_INT_CONVERSION = YES;
				CLANG_WARN_NON_LITERAL_NULL_CONVERSION = YES;
				CLANG_WARN_OBJC_IMPLICIT_RETAIN_SELF = YES;
				CLANG_WARN_OBJC_LITERAL_CONVERSION = YES;
				CLANG_WARN_OBJC_ROOT_CLASS = YES_ERROR;
				CLANG_WARN_QUOTED_INCLUDE_IN_FRAMEWORK_HEADER = YES;
				CLANG_WARN_RANGE_LOOP_ANALYSIS = YES;
				CLANG_WARN_STRICT_PROTOTYPES = YES;
				CLANG_WARN_SUSPICIOUS_MOVE = YES;
				CLANG_WARN_UNGUARDED_AVAILABILITY = YES_AGGRESSIVE;
				CLANG_WARN_UNREACHABLE_CODE = YES;
				CLANG_WARN__DUPLICATE_METHOD_MATCH = YES;
				COPY_PHASE_STRIP = NO;
				DEBUG_INFORMATION_FORMAT = "dwarf-with-dsym";
				DEVELOPMENT_TEAM = K52WP93HZU;
				ENABLE_NS_ASSERTIONS = NO;
				ENABLE_STRICT_OBJC_MSGSEND = YES;
				GCC_C_LANGUAGE_STANDARD = gnu11;
				GCC_NO_COMMON_BLOCKS = YES;
				GCC_WARN_64_TO_32_BIT_CONVERSION = YES;
				GCC_WARN_ABOUT_RETURN_TYPE = YES_ERROR;
				GCC_WARN_UNDECLARED_SELECTOR = YES;
				GCC_WARN_UNINITIALIZED_AUTOS = YES_AGGRESSIVE;
				GCC_WARN_UNUSED_FUNCTION = YES;
				GCC_WARN_UNUSED_VARIABLE = YES;
				MACOSX_DEPLOYMENT_TARGET = 13.0;
				MTL_ENABLE_DEBUG_INFO = NO;
				MTL_FAST_MATH = YES;
				PRODUCT_NAME = "$(TARGET_NAME)";
				SDKROOT = macosx;
				SWIFT_COMPILATION_MODE = wholemodule;
				SWIFT_OPTIMIZATION_LEVEL = "-O";
				SWIFT_VERSION = 5.9;
			};
			name = Release;
		};
		A95690A04422A39F44C18B36 /* Debug */ = {
			isa = XCBuildConfiguration;
			buildSettings = {
				CODE_SIGN_ENTITLEMENTS = MarkdownPreviewExtension/MarkdownPreviewExtension.entitlements;
				CODE_SIGN_STYLE = Automatic;
				COMBINE_HIDPI_IMAGES = YES;
				FRAMEWORK_SEARCH_PATHS = (
					"$(inherited)",
					"$(DEVELOPER_FRAMEWORKS_DIR)",
				);
				INFOPLIST_FILE = MarkdownPreviewExtension/Info.plist;
				LD_RUNPATH_SEARCH_PATHS = (
					"$(inherited)",
					"$(DEVELOPER_FRAMEWORKS_DIR)",
				);
				OTHER_LDFLAGS = (
					"$(inherited)",
					"-weak_framework",
					XcodeKit,
				);
				PRODUCT_BUNDLE_IDENTIFIER = com.fanyu.MarkdownPreviewApp.MarkdownPreviewExtension;
				SDKROOT = macosx;
			};
			name = Debug;
		};
		C4142BC9963A89B26EC90405 /* Release */ = {
			isa = XCBuildConfiguration;
			buildSettings = {
				CODE_SIGN_ENTITLEMENTS = MarkdownPreviewExtension/MarkdownPreviewExtension.entitlements;
				CODE_SIGN_STYLE = Automatic;
				COMBINE_HIDPI_IMAGES = YES;
				FRAMEWORK_SEARCH_PATHS = (
					"$(inherited)",
					"$(DEVELOPER_FRAMEWORKS_DIR)",
				);
				INFOPLIST_FILE = MarkdownPreviewExtension/Info.plist;
				LD_RUNPATH_SEARCH_PATHS = (
					"$(inherited)",
					"$(DEVELOPER_FRAMEWORKS_DIR)",
				);
				OTHER_LDFLAGS = (
					"$(inherited)",
					"-weak_framework",
					XcodeKit,
				);
				PRODUCT_BUNDLE_IDENTIFIER = com.fanyu.MarkdownPreviewApp.MarkdownPreviewExtension;
				SDKROOT = macosx;
			};
			name = Release;
		};
/* End XCBuildConfiguration section */

/* Begin XCConfigurationList section */
		4650FF34CF8B3C6D0C9FAACF /* Build configuration list for PBXProject "MarkdownPreview" */ = {
			isa = XCConfigurationList;
			buildConfigurations = (
				085319548E1256E7694B0FBB /* Debug */,
				7DC4E7337989CEFB05FCF42E /* Release */,
			);
			defaultConfigurationIsVisible = 0;
			defaultConfigurationName = Debug;
		};
		90D7DBEEA6A591F4D432E25A /* Build configuration list for PBXNativeTarget "MarkdownPreviewExtension" */ = {
			isa = XCConfigurationList;
			buildConfigurations = (
				A95690A04422A39F44C18B36 /* Debug */,
				C4142BC9963A89B26EC90405 /* Release */,
			);
			defaultConfigurationIsVisible = 0;
			defaultConfigurationName = Debug;
		};
		F4771FDA95B821CCDDA20755 /* Build configuration list for PBXNativeTarget "MarkdownPreviewApp" */ = {
			isa = XCConfigurationList;
			buildConfigurations = (
				4D2B1E663E0393789533F267 /* Debug */,
				684F6EE13A635DEC27FBEE2D /* Release */,
			);
			defaultConfigurationIsVisible = 0;
			defaultConfigurationName = Debug;
		};
/* End XCConfigurationList section */
	};
	rootObject = B55EE093A36A763C3395AE1A /* Project object */;
}
